dependencies:
- name: kube-prometheus-stack
  repository: https://prometheus-community.github.io/helm-charts
  version: 87.5.1
- name: loki
  repository: https://grafana.github.io/helm-charts
  version: 7.0.0
- name: promtail
  repository: https://grafana.github.io/helm-charts
  version: 6.17.1
- name: tempo
  repository: https://grafana.github.io/helm-charts
  version: 1.24.4
digest: sha256:6ce3b620d8ffdc43f96a44f5d8f8fba6ef961f3b82d80d88fb5719a15acca14b
generated: "2026-07-03T10:11:09.701858841+03:00"
